// !$*UTF8*$!
{
	archiveVersion = 1;
	classes = {
	};
	objectVersion = 48;
	objects = {

/* Begin PBXBuildFile section */
		1757B1CD2081B6E700A43E3E /* AppDelegate.swift in Sources */ = {isa = PBXBuildFile; fileRef = 1757B1CC2081B6E700A43E3E /* AppDelegate.swift */; };
		1757B1CF2081B6E700A43E3E /* GoalsVC.swift in Sources */ = {isa = PBXBuildFile; fileRef = 1757B1CE2081B6E700A43E3E /* GoalsVC.swift */; };
		1757B1D22081B6E700A43E3E /* Main.storyboard in Resources */ = {isa = PBXBuildFile; fileRef = 1757B1D02081B6E700A43E3E /* Main.storyboard */; };
		1757B1D52081B6E700A43E3E /* goalpost.xcdatamodeld in Sources */ = {isa = PBXBuildFile; fileRef = 1757B1D32081B6E700A43E3E /* goalpost.xcdatamodeld */; };
		1757B1D72081B6E700A43E3E /* Assets.xcassets in Resources */ = {isa = PBXBuildFile; fileRef = 1757B1D62081B6E700A43E3E /* Assets.xcassets */; };
		1757B1DA2081B6E700A43E3E /* LaunchScreen.storyboard in Resources */ = {isa = PBXBuildFile; fileRef = 1757B1D82081B6E700A43E3E /* LaunchScreen.storyboard */; };
		1757B1E62081C06700A43E3E /* GoalCell.swift in Sources */ = {isa = PBXBuildFile; fileRef = 1757B1E52081C06700A43E3E /* GoalCell.swift */; };
		1757B1E82082BCAC00A43E3E /* GoalType.swift in Sources */ = {isa = PBXBuildFile; fileRef = 1757B1E72082BCAC00A43E3E /* GoalType.swift */; };
		1757B1EA2082C2F700A43E3E /* CreateGoalVC.swift in Sources */ = {isa = PBXBuildFile; fileRef = 1757B1E92082C2F700A43E3E /* CreateGoalVC.swift */; };
		1757B1EC20833A6800A43E3E /* UIViewControllerExt.swift in Sources */ = {isa = PBXBuildFile; fileRef = 1757B1EB20833A6800A43E3E /* UIViewControllerExt.swift */; };
		1757B1EE20833E3600A43E3E /* UIViewExt.swift in Sources */ = {isa = PBXBuildFile; fileRef = 1757B1ED20833E3600A43E3E /* UIViewExt.swift */; };
		1757B1F02083415100A43E3E /* UIButtonExt.swift in Sources */ = {isa = PBXBuildFile; fileRef = 1757B1EF2083415100A43E3E /* UIButtonExt.swift */; };
		1757B1F220836DC400A43E3E /* FinishGoalVC.swift in Sources */ = {isa = PBXBuildFile; fileRef = 1757B1F120836DC400A43E3E /* FinishGoalVC.swift */; };
/* End PBXBuildFile section */

/* Begin PBXFileReference section */
		1757B1C92081B6E700A43E3E /* goalpost.app */ = {isa = PBXFileReference; explicitFileType = wrapper.application; includeInIndex = 0; path = goalpost.app; sourceTree = BUILT_PRODUCTS_DIR; };
		1757B1CC2081B6E700A43E3E /* AppDelegate.swift */ = {isa = PBXFileReference; lastKnownFileType = sourcecode.swift; path = AppDelegate.swift; sourceTree = "<group>"; };
		1757B1CE2081B6E700A43E3E /* GoalsVC.swift */ = {isa = PBXFileReference; lastKnownFileType = sourcecode.swift; path = GoalsVC.swift; sourceTree = "<group>"; };
		1757B1D12081B6E700A43E3E /* Base */ = {isa = PBXFileReference; lastKnownFileType = file.storyboard; name = Base; path = Base.lproj/Main.storyboard; sourceTree = "<group>"; };
		1757B1D42081B6E700A43E3E /* goalpost.xcdatamodel */ = {isa = PBXFileReference; lastKnownFileType = wrapper.xcdatamodel; path = goalpost.xcdatamodel; sourceTree = "<group>"; };
		1757B1D62081B6E700A43E3E /* Assets.xcassets */ = {isa = PBXFileReference; lastKnownFileType = folder.assetcatalog; path = Assets.xcassets; sourceTree = "<group>"; };
		1757B1D92081B6E700A43E3E /* Base */ = {isa = PBXFileReference; lastKnownFileType = file.storyboard; name = Base; path = Base.lproj/LaunchScreen.storyboard; sourceTree = "<group>"; };
		1757B1DB2081B6E700A43E3E /* Info.plist */ = {isa = PBXFileReference; lastKnownFileType = text.plist.xml; path = Info.plist; sourceTree = "<group>"; };
		1757B1E52081C06700A43E3E /* GoalCell.swift */ = {isa = PBXFileReference; lastKnownFileType = sourcecode.swift; path = GoalCell.swift; sourceTree = "<group>"; };
		1757B1E72082BCAC00A43E3E /* GoalType.swift */ = {isa = PBXFileReference; lastKnownFileType = sourcecode.swift; path = GoalType.swift; sourceTree = "<group>"; };
		1757B1E92082C2F700A43E3E /* CreateGoalVC.swift */ = {isa = PBXFileReference; lastKnownFileType = sourcecode.swift; path = CreateGoalVC.swift; sourceTree = "<group>"; };
		1757B1EB20833A6800A43E3E /* UIViewControllerExt.swift */ = {isa = PBXFileReference; lastKnownFileType = sourcecode.swift; path = UIViewControllerExt.swift; sourceTree = "<group>"; };
		1757B1ED20833E3600A43E3E /* UIViewExt.swift */ = {isa = PBXFileReference; lastKnownFileType = sourcecode.swift; path = UIViewExt.swift; sourceTree = "<group>"; };
		1757B1EF2083415100A43E3E /* UIButtonExt.swift */ = {isa = PBXFileReference; lastKnownFileType = sourcecode.swift; path = UIButtonExt.swift; sourceTree = "<group>"; };
		1757B1F120836DC400A43E3E /* FinishGoalVC.swift */ = {isa = PBXFileReference; lastKnownFileType = sourcecode.swift; path = FinishGoalVC.swift; sourceTree = "<group>"; };
/* End PBXFileReference section */

/* Begin PBXFrameworksBuildPhase section */
		1757B1C62081B6E700A43E3E /* Frameworks */ = {
			isa = PBXFrameworksBuildPhase;
			buildActionMask = 2147483647;
			files = (
			);
			runOnlyForDeploymentPostprocessing = 0;
		};
/* End PBXFrameworksBuildPhase section */

/* Begin PBXGroup section */
		1757B1C02081B6E700A43E3E = {
			isa = PBXGroup;
			children = (
				1757B1CB2081B6E700A43E3E /* goalpost */,
				1757B1CA2081B6E700A43E3E /* Products */,
			);
			sourceTree = "<group>";
		};
		1757B1CA2081B6E700A43E3E /* Products */ = {
			isa = PBXGroup;
			children = (
				1757B1C92081B6E700A43E3E /* goalpost.app */,
			);
			name = Products;
			sourceTree = "<group>";
		};
		1757B1CB2081B6E700A43E3E /* goalpost */ = {
			isa = PBXGroup;
			children = (
				1757B1E32081B72D00A43E3E /* Extensions */,
				1757B1E42081B73600A43E3E /* Enums */,
				1757B1E22081B70E00A43E3E /* View */,
				1757B1E12081B70000A43E3E /* Controller */,
				1757B1CC2081B6E700A43E3E /* AppDelegate.swift */,
				1757B1D02081B6E700A43E3E /* Main.storyboard */,
				1757B1D62081B6E700A43E3E /* Assets.xcassets */,
				1757B1D82081B6E700A43E3E /* LaunchScreen.storyboard */,
				1757B1DB2081B6E700A43E3E /* Info.plist */,
				1757B1D32081B6E700A43E3E /* goalpost.xcdatamodeld */,
			);
			path = goalpost;
			sourceTree = "<group>";
		};
		1757B1E12081B70000A43E3E /* Controller */ = {
			isa = PBXGroup;
			children = (
				1757B1CE2081B6E700A43E3E /* GoalsVC.swift */,
				1757B1E92082C2F700A43E3E /* CreateGoalVC.swift */,
				1757B1F120836DC400A43E3E /* FinishGoalVC.swift */,
			);
			path = Controller;
			sourceTree = "<group>";
		};
		1757B1E22081B70E00A43E3E /* View */ = {
			isa = PBXGroup;
			children = (
				1757B1E52081C06700A43E3E /* GoalCell.swift */,
			);
			path = View;
			sourceTree = "<group>";
		};
		1757B1E32081B72D00A43E3E /* Extensions */ = {
			isa = PBXGroup;
			children = (
				1757B1EB20833A6800A43E3E /* UIViewControllerExt.swift */,
				1757B1ED20833E3600A43E3E /* UIViewExt.swift */,
				1757B1EF2083415100A43E3E /* UIButtonExt.swift */,
			);
			path = Extensions;
			sourceTree = "<group>";
		};
		1757B1E42081B73600A43E3E /* Enums */ = {
			isa = PBXGroup;
			children = (
				1757B1E72082BCAC00A43E3E /* GoalType.swift */,
			);
			path = Enums;
			sourceTree = "<group>";
		};
/* End PBXGroup section */

/* Begin PBXNativeTarget section */
		1757B1C82081B6E700A43E3E /* goalpost */ = {
			isa = PBXNativeTarget;
			buildConfigurationList = 1757B1DE2081B6E700A43E3E /* Build configuration list for PBXNativeTarget "goalpost" */;
			buildPhases = (
				1757B1C52081B6E700A43E3E /* Sources */,
				1757B1C62081B6E700A43E3E /* Frameworks */,
				1757B1C72081B6E700A43E3E /* Resources */,
			);
			buildRules = (
			);
			dependencies = (
			);
			name = goalpost;
			productName = goalpost;
			productReference = 1757B1C92081B6E700A43E3E /* goalpost.app */;
			productType = "com.apple.product-type.application";
		};
/* End PBXNativeTarget section */

/* Begin PBXProject section */
		1757B1C12081B6E700A43E3E /* Project object */ = {
			isa = PBXProject;
			attributes = {
				LastSwiftUpdateCheck = 0920;
				LastUpgradeCheck = 0920;
				ORGANIZATIONNAME = ERF;
				TargetAttributes = {
					1757B1C82081B6E700A43E3E = {
						CreatedOnToolsVersion = 9.2;
						ProvisioningStyle = Automatic;
					};
				};
			};
			buildConfigurationList = 1757B1C42081B6E700A43E3E /* Build configuration list for PBXProject "goalpost" */;
			compatibilityVersion = "Xcode 8.0";
			developmentRegion = en;
			hasScannedForEncodings = 0;
			knownRegions = (
				en,
				Base,
			);
			mainGroup = 1757B1C02081B6E700A43E3E;
			productRefGroup = 1757B1CA2081B6E700A43E3E /* Products */;
			projectDirPath = "";
			projectRoot = "";
			targets = (
				1757B1C82081B6E700A43E3E /* goalpost */,
			);
		};
/* End PBXProject section */

/* Begin PBXResourcesBuildPhase section */
		1757B1C72081B6E700A43E3E /* Resources */ = {
			isa = PBXResourcesBuildPhase;
			buildActionMask = 2147483647;
			files = (
				1757B1DA2081B6E700A43E3E /* LaunchScreen.storyboard in Resources */,
				1757B1D72081B6E700A43E3E /* Assets.xcassets in Resources */,
				1757B1D22081B6E700A43E3E /* Main.storyboard in Resources */,
			);
			runOnlyForDeploymentPostprocessing = 0;
		};
/* End PBXResourcesBuildPhase section */

/* Begin PBXSourcesBuildPhase section */
		1757B1C52081B6E700A43E3E /* Sources */ = {
			isa = PBXSourcesBuildPhase;
			buildActionMask = 2147483647;
			files = (
				1757B1E62081C06700A43E3E /* GoalCell.swift in Sources */,
				1757B1EA2082C2F700A43E3E /* CreateGoalVC.swift in Sources */,
				1757B1E82082BCAC00A43E3E /* GoalType.swift in Sources */,
				1757B1D52081B6E700A43E3E /* goalpost.xcdatamodeld in Sources */,
				1757B1EE20833E3600A43E3E /* UIViewExt.swift in Sources */,
				1757B1CF2081B6E700A43E3E /* GoalsVC.swift in Sources */,
				1757B1EC20833A6800A43E3E /* UIViewControllerExt.swift in Sources */,
				1757B1F02083415100A43E3E /* UIButtonExt.swift in Sources */,
				1757B1F220836DC400A43E3E /* FinishGoalVC.swift in Sources */,
				1757B1CD2081B6E700A43E3E /* AppDelegate.swift in Sources */,
			);
			runOnlyForDeploymentPostprocessing = 0;
		};
/* End PBXSourcesBuildPhase section */

/* Begin PBXVariantGroup section */
		1757B1D02081B6E700A43E3E /* Main.storyboard */ = {
			isa = PBXVariantGroup;
			children = (
				1757B1D12081B6E700A43E3E /* Base */,
			);
			name = Main.storyboard;
			sourceTree = "<group>";
		};
		1757B1D82081B6E700A43E3E /* LaunchScreen.storyboard */ = {
			isa = PBXVariantGroup;
			children = (
				1757B1D92081B6E700A43E3E /* Base */,
			);
			name = LaunchScreen.storyboard;
			sourceTree = "<group>";
		};
/* End PBXVariantGroup section */

/* Begin XCBuildConfiguration section */
		1757B1DC2081B6E700A43E3E /* Debug */ = {
			isa = XCBuildConfiguration;
			buildSettings = {
				ALWAYS_SEARCH_USER_PATHS = NO;
				CLANG_ANALYZER_NONNULL = YES;
				CLANG_ANALYZER_NUMBER_OBJECT_CONVERSION = YES_AGGRESSIVE;
				CLANG_CXX_LANGUAGE_STANDARD = "gnu++14";
				CLANG_CXX_LIBRARY = "libc++";
				CLANG_ENABLE_MODULES = YES;
				CLANG_ENABLE_OBJC_ARC = YES;
				CLANG_WARN_BLOCK_CAPTURE_AUTORELEASING = YES;
				CLANG_WARN_BOOL_CONVERSION = YES;
				CLANG_WARN_COMMA = YES;
				CLANG_WARN_CONSTANT_CONVERSION = YES;
				CLANG_WARN_DIRECT_OBJC_ISA_USAGE = YES_ERROR;
				CLANG_WARN_DOCUMENTATION_COMMENTS = YES;
				CLANG_WARN_EMPTY_BODY = YES;
				CLANG_WARN_ENUM_CONVERSION = YES;
				CLANG_WARN_INFINITE_RECURSION = YES;
				CLANG_WARN_INT_CONVERSION = YES;
				CLANG_WARN_NON_LITERAL_NULL_CONVERSION = YES;
				CLANG_WARN_OBJC_LITERAL_CONVERSION = YES;
				CLANG_WARN_OBJC_ROOT_CLASS = YES_ERROR;
				CLANG_WARN_RANGE_LOOP_ANALYSIS = YES;
				CLANG_WARN_STRICT_PROTOTYPES = YES;
				CLANG_WARN_SUSPICIOUS_MOVE = YES;
				CLANG_WARN_UNGUARDED_AVAILABILITY = YES_AGGRESSIVE;
				CLANG_WARN_UNREACHABLE_CODE = YES;
				CLANG_WARN__DUPLICATE_METHOD_MATCH = YES;
				CODE_SIGN_IDENTITY = "iPhone Developer";
				COPY_PHASE_STRIP = NO;
				DEBUG_INFORMATION_FORMAT = dwarf;
				ENABLE_STRICT_OBJC_MSGSEND = YES;
				ENABLE_TESTABILITY = YES;
				GCC_C_LANGUAGE_STANDARD = gnu11;
				GCC_DYNAMIC_NO_PIC = NO;
				GCC_NO_COMMON_BLOCKS = YES;
				GCC_OPTIMIZATION_LEVEL = 0;
				GCC_PREPROCESSOR_DEFINITIONS = (
					"DEBUG=1",
					"$(inherited)",
				);
				GCC_WARN_64_TO_32_BIT_CONVERSION = YES;
				GCC_WARN_ABOUT_RETURN_TYPE = YES_ERROR;
				GCC_WARN_UNDECLARED_SELECTOR = YES;
				GCC_WARN_UNINITIALIZED_AUTOS = YES_AGGRESSIVE;
				GCC_WARN_UNUSED_FUNCTION = YES;
				GCC_WARN_UNUSED_VARIABLE = YES;
				IPHONEOS_DEPLOYMENT_TARGET = 11.2;
				MTL_ENABLE_DEBUG_INFO = YES;
				ONLY_ACTIVE_ARCH = YES;
				SDKROOT = iphoneos;
				SWIFT_ACTIVE_COMPILATION_CONDITIONS = DEBUG;
				SWIFT_OPTIMIZATION_LEVEL = "-Onone";
			};
			name = Debug;
		};
		1757B1DD2081B6E700A43E3E /* Release */ = {
			isa = XCBuildConfiguration;
			buildSettings = {
				ALWAYS_SEARCH_USER_PATHS = NO;
				CLANG_ANALYZER_NONNULL = YES;
				CLANG_ANALYZER_NUMBER_OBJECT_CONVERSION = YES_AGGRESSIVE;
				CLANG_CXX_LANGUAGE_STANDARD = "gnu++14";
				CLANG_CXX_LIBRARY = "libc++";
				CLANG_ENABLE_MODULES = YES;
				CLANG_ENABLE_OBJC_ARC = YES;
				CLANG_WARN_BLOCK_CAPTURE_AUTORELEASING = YES;
				CLANG_WARN_BOOL_CONVERSION = YES;
				CLANG_WARN_COMMA = YES;
				CLANG_WARN_CONSTANT_CONVERSION = YES;
				CLANG_WARN_DIRECT_OBJC_ISA_USAGE = YES_ERROR;
				CLANG_WARN_DOCUMENTATION_COMMENTS = YES;
				CLANG_WARN_EMPTY_BODY = YES;
				CLANG_WARN_ENUM_CONVERSION = YES;
				CLANG_WARN_INFINITE_RECURSION = YES;
				CLANG_WARN_INT_CONVERSION = YES;
				CLANG_WARN_NON_LITERAL_NULL_CONVERSION = YES;
				CLANG_WARN_OBJC_LITERAL_CONVERSION = YES;
				CLANG_WARN_OBJC_ROOT_CLASS = YES_ERROR;
				CLANG_WARN_RANGE_LOOP_ANALYSIS = YES;
				CLANG_WARN_STRICT_PROTOTYPES = YES;
				CLANG_WARN_SUSPICIOUS_MOVE = YES;
				CLANG_WARN_UNGUARDED_AVAILABILITY = YES_AGGRESSIVE;
				CLANG_WARN_UNREACHABLE_CODE = YES;
				CLANG_WARN__DUPLICATE_METHOD_MATCH = YES;
				CODE_SIGN_IDENTITY = "iPhone Developer";
				COPY_PHASE_STRIP = NO;
				DEBUG_INFORMATION_FORMAT = "dwarf-with-dsym";
				ENABLE_NS_ASSERTIONS = NO;
				ENABLE_STRICT_OBJC_MSGSEND = YES;
				GCC_C_LANGUAGE_STANDARD = gnu11;
				GCC_NO_COMMON_BLOCKS = YES;
				GCC_WARN_64_TO_32_BIT_CONVERSION = YES;
				GCC_WARN_ABOUT_RETURN_TYPE = YES_ERROR;
				GCC_WARN_UNDECLARED_SELECTOR = YES;
				GCC_WARN_UNINITIALIZED_AUTOS = YES_AGGRESSIVE;
				GCC_WARN_UNUSED_FUNCTION = YES;
				GCC_WARN_UNUSED_VARIABLE = YES;
				IPHONEOS_DEPLOYMENT_TARGET = 11.2;
				MTL_ENABLE_DEBUG_INFO = NO;
				SDKROOT = iphoneos;
				SWIFT_OPTIMIZATION_LEVEL = "-Owholemodule";
				VALIDATE_PRODUCT = YES;
			};
			name = Release;
		};
		1757B1DF2081B6E700A43E3E /* Debug */ = {
			isa = XCBuildConfiguration;
			buildSettings = {
				ASSETCATALOG_COMPILER_APPICON_NAME = AppIcon;
				CODE_SIGN_STYLE = Automatic;
				DEVELOPMENT_TEAM = BAXBGFT8F4;
				INFOPLIST_FILE = goalpost/Info.plist;
				LD_RUNPATH_SEARCH_PATHS = "$(inherited) @executable_path/Frameworks";
				PRODUCT_BUNDLE_IDENTIFIER = Ernest.goalpost;
				PRODUCT_NAME = "$(TARGET_NAME)";
				SWIFT_VERSION = 4.0;
				TARGETED_DEVICE_FAMILY = "1,2";
			};
			name = Debug;
		};
		1757B1E02081B6E700A43E3E /* Release */ = {
			isa = XCBuildConfiguration;
			buildSettings = {
				ASSETCATALOG_COMPILER_APPICON_NAME = AppIcon;
				CODE_SIGN_STYLE = Automatic;
				DEVELOPMENT_TEAM = BAXBGFT8F4;
				INFOPLIST_FILE = goalpost/Info.plist;
				LD_RUNPATH_SEARCH_PATHS = "$(inherited) @executable_path/Frameworks";
				PRODUCT_BUNDLE_IDENTIFIER = Ernest.goalpost;
				PRODUCT_NAME = "$(TARGET_NAME)";
				SWIFT_VERSION = 4.0;
				TARGETED_DEVICE_FAMILY = "1,2";
			};
			name = Release;
		};
/* End XCBuildConfiguration section */

/* Begin XCConfigurationList section */
		1757B1C42081B6E700A43E3E /* Build configuration list for PBXProject "goalpost" */ = {
			isa = XCConfigurationList;
			buildConfigurations = (
				1757B1DC2081B6E700A43E3E /* Debug */,
				1757B1DD2081B6E700A43E3E /* Release */,
			);
			defaultConfigurationIsVisible = 0;
			defaultConfigurationName = Release;
		};
		1757B1DE2081B6E700A43E3E /* Build configuration list for PBXNativeTarget "goalpost" */ = {
			isa = XCConfigurationList;
			buildConfigurations = (
				1757B1DF2081B6E700A43E3E /* Debug */,
				1757B1E02081B6E700A43E3E /* Release */,
			);
			defaultConfigurationIsVisible = 0;
			defaultConfigurationName = Release;
		};
/* End XCConfigurationList section */

/* Begin XCVersionGroup section */
		1757B1D32081B6E700A43E3E /* goalpost.xcdatamodeld */ = {
			isa = XCVersionGroup;
			children = (
				1757B1D42081B6E700A43E3E /* goalpost.xcdatamodel */,
			);
			currentVersion = 1757B1D42081B6E700A43E3E /* goalpost.xcdatamodel */;
			path = goalpost.xcdatamodeld;
			sourceTree = "<group>";
			versionGroupType = wrapper.xcdatamodel;
		};
/* End XCVersionGroup section */
	};
	rootObject = 1757B1C12081B6E700A43E3E /* Project object */;
}
